Microsoft Visual Studio Solution File, Format Version 12.00
# Visual Studio Version 16
VisualStudioVersion = 16.0.30503.244
MinimumVisualStudioVersion = 15.0.26124.0
Project("{2150E333-8FDC-42A3-9474-1A3956D46DE8}") = "src", "src", "{C397A34C-84F1-49E7-AEBC-2F9F2B196216}"
EndProject
Project("{6EC3EE1D-3C4E-46DD-8F32-0CC8E7565705}") = "MyTask", "src\MyTask\MyTask.fsproj", "{5D30E174-2538-47AC-8443-318C8C5DC2C9}"
EndProject
Project("{2150E333-8FDC-42A3-9474-1A3956D46DE8}") = "tests", "tests", "{ACBEE43C-7A88-4FB1-9B06-DB064D22B29F}"
EndProject
Project("{6EC3EE1D-3C4E-46DD-8F32-0CC8E7565705}") = "MyTask.Tests", "tests\MyTask.Tests\MyTask.Tests.fsproj", "{1CA2E092-2320-451D-A4F0-9ED7C7C528CA}"
	ProjectSection(ProjectDependencies) = postProject
		{3F083001-1E98-48CD-8C3A-80C9C6AC5B3E} = {3F083001-1E98-48CD-8C3A-80C9C6AC5B3E}
	EndProjectSection
EndProject
Project("{6EC3EE1D-3C4E-46DD-8F32-0CC8E7565705}") = "Hometask4", "Hometask4\Hometask4.fsproj", "{3F083001-1E98-48CD-8C3A-80C9C6AC5B3E}"
EndProject
Project("{6EC3EE1D-3C4E-46DD-8F32-0CC8E7565705}") = "Ht4Tests", "tests\Ht4Tests\Ht4Tests.fsproj", "{5DA32084-A624-4F54-A87E-C2122F324C56}"
	ProjectSection(ProjectDependencies) = postProject
		{3F083001-1E98-48CD-8C3A-80C9C6AC5B3E} = {3F083001-1E98-48CD-8C3A-80C9C6AC5B3E}
	EndProjectSection
EndProject
Project("{6EC3EE1D-3C4E-46DD-8F32-0CC8E7565705}") = "Homework6", "Homework6\Homework6.fsproj", "{045EB34E-AD80-4838-997A-A4476E6F3418}"
EndProject
Project("{6EC3EE1D-3C4E-46DD-8F32-0CC8E7565705}") = "Hw6Tests", "tests\Hw6Tests\Hw6Tests.fsproj", "{E8F1877D-398D-4AF4-97E5-79E2476DE7F7}"
	ProjectSection(ProjectDependencies) = postProject
		{045EB34E-AD80-4838-997A-A4476E6F3418} = {045EB34E-AD80-4838-997A-A4476E6F3418}
	EndProjectSection
EndProject
Project("{6EC3EE1D-3C4E-46DD-8F32-0CC8E7565705}") = "Ht7", "Ht7\Ht7.fsproj", "{B2299F62-3F25-4D7F-A445-285EF10C2E93}"
EndProject
Project("{6EC3EE1D-3C4E-46DD-8F32-0CC8E7565705}") = "Ht7Tests", "tests\Ht7Tests\Ht7Tests.fsproj", "{2EED13E4-124F-4A51-94AB-32DD6F4EDB3A}"
EndProject
Project("{F2A71F9B-5D33-465A-A702-920D77279786}") = "Hometask8", "Hometask8\Hometask8.fsproj", "{D80FDD03-EF28-4E95-9EC7-DAF3D2DCA203}"
EndProject
Global
	GlobalSection(SolutionConfigurationPlatforms) = preSolution
		Debug|Any CPU = Debug|Any CPU
		Debug|x64 = Debug|x64
		Debug|x86 = Debug|x86
		Release|Any CPU = Release|Any CPU
		Release|x64 = Release|x64
		Release|x86 = Release|x86
	EndGlobalSection
	GlobalSection(ProjectConfigurationPlatforms) = postSolution
		{5D30E174-2538-47AC-8443-318C8C5DC2C9}.Debug|Any CPU.ActiveCfg = Debug|Any CPU
		{5D30E174-2538-47AC-8443-318C8C5DC2C9}.Debug|Any CPU.Build.0 = Debug|Any CPU
		{5D30E174-2538-47AC-8443-318C8C5DC2C9}.Debug|x64.ActiveCfg = Debug|x64
		{5D30E174-2538-47AC-8443-318C8C5DC2C9}.Debug|x64.Build.0 = Debug|x64
		{5D30E174-2538-47AC-8443-318C8C5DC2C9}.Debug|x86.ActiveCfg = Debug|x86
		{5D30E174-2538-47AC-8443-318C8C5DC2C9}.Debug|x86.Build.0 = Debug|x86
		{5D30E174-2538-47AC-8443-318C8C5DC2C9}.Release|Any CPU.ActiveCfg = Release|Any CPU
		{5D30E174-2538-47AC-8443-318C8C5DC2C9}.Release|Any CPU.Build.0 = Release|Any CPU
		{5D30E174-2538-47AC-8443-318C8C5DC2C9}.Release|x64.ActiveCfg = Release|x64
		{5D30E174-2538-47AC-8443-318C8C5DC2C9}.Release|x64.Build.0 = Release|x64
		{5D30E174-2538-47AC-8443-318C8C5DC2C9}.Release|x86.ActiveCfg = Release|x86
		{5D30E174-2538-47AC-8443-318C8C5DC2C9}.Release|x86.Build.0 = Release|x86
		{1CA2E092-2320-451D-A4F0-9ED7C7C528CA}.Debug|Any CPU.ActiveCfg = Debug|Any CPU
		{1CA2E092-2320-451D-A4F0-9ED7C7C528CA}.Debug|Any CPU.Build.0 = Debug|Any CPU
		{1CA2E092-2320-451D-A4F0-9ED7C7C528CA}.Debug|x64.ActiveCfg = Debug|x64
		{1CA2E092-2320-451D-A4F0-9ED7C7C528CA}.Debug|x64.Build.0 = Debug|x64
		{1CA2E092-2320-451D-A4F0-9ED7C7C528CA}.Debug|x86.ActiveCfg = Debug|x86
		{1CA2E092-2320-451D-A4F0-9ED7C7C528CA}.Debug|x86.Build.0 = Debug|x86
		{1CA2E092-2320-451D-A4F0-9ED7C7C528CA}.Release|Any CPU.ActiveCfg = Release|Any CPU
		{1CA2E092-2320-451D-A4F0-9ED7C7C528CA}.Release|Any CPU.Build.0 = Release|Any CPU
		{1CA2E092-2320-451D-A4F0-9ED7C7C528CA}.Release|x64.ActiveCfg = Release|x64
		{1CA2E092-2320-451D-A4F0-9ED7C7C528CA}.Release|x64.Build.0 = Release|x64
		{1CA2E092-2320-451D-A4F0-9ED7C7C528CA}.Release|x86.ActiveCfg = Release|x86
		{1CA2E092-2320-451D-A4F0-9ED7C7C528CA}.Release|x86.Build.0 = Release|x86
		{3F083001-1E98-48CD-8C3A-80C9C6AC5B3E}.Debug|Any CPU.ActiveCfg = Debug|Any CPU
		{3F083001-1E98-48CD-8C3A-80C9C6AC5B3E}.Debug|Any CPU.Build.0 = Debug|Any CPU
		{3F083001-1E98-48CD-8C3A-80C9C6AC5B3E}.Debug|x64.ActiveCfg = Debug|Any CPU
		{3F083001-1E98-48CD-8C3A-80C9C6AC5B3E}.Debug|x64.Build.0 = Debug|Any CPU
		{3F083001-1E98-48CD-8C3A-80C9C6AC5B3E}.Debug|x86.ActiveCfg = Debug|Any CPU
		{3F083001-1E98-48CD-8C3A-80C9C6AC5B3E}.Debug|x86.Build.0 = Debug|Any CPU
		{3F083001-1E98-48CD-8C3A-80C9C6AC5B3E}.Release|Any CPU.ActiveCfg = Release|Any CPU
		{3F083001-1E98-48CD-8C3A-80C9C6AC5B3E}.Release|Any CPU.Build.0 = Release|Any CPU
		{3F083001-1E98-48CD-8C3A-80C9C6AC5B3E}.Release|x64.ActiveCfg = Release|Any CPU
		{3F083001-1E98-48CD-8C3A-80C9C6AC5B3E}.Release|x64.Build.0 = Release|Any CPU
		{3F083001-1E98-48CD-8C3A-80C9C6AC5B3E}.Release|x86.ActiveCfg = Release|Any CPU
		{3F083001-1E98-48CD-8C3A-80C9C6AC5B3E}.Release|x86.Build.0 = Release|Any CPU
		{5DA32084-A624-4F54-A87E-C2122F324C56}.Debug|Any CPU.ActiveCfg = Debug|Any CPU
		{5DA32084-A624-4F54-A87E-C2122F324C56}.Debug|Any CPU.Build.0 = Debug|Any CPU
		{5DA32084-A624-4F54-A87E-C2122F324C56}.Debug|x64.ActiveCfg = Debug|Any CPU
		{5DA32084-A624-4F54-A87E-C2122F324C56}.Debug|x64.Build.0 = Debug|Any CPU
		{5DA32084-A624-4F54-A87E-C2122F324C56}.Debug|x86.ActiveCfg = Debug|Any CPU
		{5DA32084-A624-4F54-A87E-C2122F324C56}.Debug|x86.Build.0 = Debug|Any CPU
		{5DA32084-A624-4F54-A87E-C2122F324C56}.Release|Any CPU.ActiveCfg = Release|Any CPU
		{5DA32084-A624-4F54-A87E-C2122F324C56}.Release|Any CPU.Build.0 = Release|Any CPU
		{5DA32084-A624-4F54-A87E-C2122F324C56}.Release|x64.ActiveCfg = Release|Any CPU
		{5DA32084-A624-4F54-A87E-C2122F324C56}.Release|x64.Build.0 = Release|Any CPU
		{5DA32084-A624-4F54-A87E-C2122F324C56}.Release|x86.ActiveCfg = Release|Any CPU
		{5DA32084-A624-4F54-A87E-C2122F324C56}.Release|x86.Build.0 = Release|Any CPU
		{045EB34E-AD80-4838-997A-A4476E6F3418}.Debug|Any CPU.ActiveCfg = Debug|Any CPU
		{045EB34E-AD80-4838-997A-A4476E6F3418}.Debug|Any CPU.Build.0 = Debug|Any CPU
		{045EB34E-AD80-4838-997A-A4476E6F3418}.Debug|x64.ActiveCfg = Debug|Any CPU
		{045EB34E-AD80-4838-997A-A4476E6F3418}.Debug|x64.Build.0 = Debug|Any CPU
		{045EB34E-AD80-4838-997A-A4476E6F3418}.Debug|x86.ActiveCfg = Debug|Any CPU
		{045EB34E-AD80-4838-997A-A4476E6F3418}.Debug|x86.Build.0 = Debug|Any CPU
		{045EB34E-AD80-4838-997A-A4476E6F3418}.Release|Any CPU.ActiveCfg = Release|Any CPU
		{045EB34E-AD80-4838-997A-A4476E6F3418}.Release|Any CPU.Build.0 = Release|Any CPU
		{045EB34E-AD80-4838-997A-A4476E6F3418}.Release|x64.ActiveCfg = Release|Any CPU
		{045EB34E-AD80-4838-997A-A4476E6F3418}.Release|x64.Build.0 = Release|Any CPU
		{045EB34E-AD80-4838-997A-A4476E6F3418}.Release|x86.ActiveCfg = Release|Any CPU
		{045EB34E-AD80-4838-997A-A4476E6F3418}.Release|x86.Build.0 = Release|Any CPU
		{E8F1877D-398D-4AF4-97E5-79E2476DE7F7}.Debug|Any CPU.ActiveCfg = Debug|Any CPU
		{E8F1877D-398D-4AF4-97E5-79E2476DE7F7}.Debug|Any CPU.Build.0 = Debug|Any CPU
		{E8F1877D-398D-4AF4-97E5-79E2476DE7F7}.Debug|x64.ActiveCfg = Debug|Any CPU
		{E8F1877D-398D-4AF4-97E5-79E2476DE7F7}.Debug|x64.Build.0 = Debug|Any CPU
		{E8F1877D-398D-4AF4-97E5-79E2476DE7F7}.Debug|x86.ActiveCfg = Debug|Any CPU
		{E8F1877D-398D-4AF4-97E5-79E2476DE7F7}.Debug|x86.Build.0 = Debug|Any CPU
		{E8F1877D-398D-4AF4-97E5-79E2476DE7F7}.Release|Any CPU.ActiveCfg = Release|Any CPU
		{E8F1877D-398D-4AF4-97E5-79E2476DE7F7}.Release|Any CPU.Build.0 = Release|Any CPU
		{E8F1877D-398D-4AF4-97E5-79E2476DE7F7}.Release|x64.ActiveCfg = Release|Any CPU
		{E8F1877D-398D-4AF4-97E5-79E2476DE7F7}.Release|x64.Build.0 = Release|Any CPU
		{E8F1877D-398D-4AF4-97E5-79E2476DE7F7}.Release|x86.ActiveCfg = Release|Any CPU
		{E8F1877D-398D-4AF4-97E5-79E2476DE7F7}.Release|x86.Build.0 = Release|Any CPU
		{B2299F62-3F25-4D7F-A445-285EF10C2E93}.Debug|Any CPU.ActiveCfg = Debug|Any CPU
		{B2299F62-3F25-4D7F-A445-285EF10C2E93}.Debug|Any CPU.Build.0 = Debug|Any CPU
		{B2299F62-3F25-4D7F-A445-285EF10C2E93}.Debug|x64.ActiveCfg = Debug|Any CPU
		{B2299F62-3F25-4D7F-A445-285EF10C2E93}.Debug|x64.Build.0 = Debug|Any CPU
		{B2299F62-3F25-4D7F-A445-285EF10C2E93}.Debug|x86.ActiveCfg = Debug|Any CPU
		{B2299F62-3F25-4D7F-A445-285EF10C2E93}.Debug|x86.Build.0 = Debug|Any CPU
		{B2299F62-3F25-4D7F-A445-285EF10C2E93}.Release|Any CPU.ActiveCfg = Release|Any CPU
		{B2299F62-3F25-4D7F-A445-285EF10C2E93}.Release|Any CPU.Build.0 = Release|Any CPU
		{B2299F62-3F25-4D7F-A445-285EF10C2E93}.Release|x64.ActiveCfg = Release|Any CPU
		{B2299F62-3F25-4D7F-A445-285EF10C2E93}.Release|x64.Build.0 = Release|Any CPU
		{B2299F62-3F25-4D7F-A445-285EF10C2E93}.Release|x86.ActiveCfg = Release|Any CPU
		{B2299F62-3F25-4D7F-A445-285EF10C2E93}.Release|x86.Build.0 = Release|Any CPU
		{2EED13E4-124F-4A51-94AB-32DD6F4EDB3A}.Debug|Any CPU.ActiveCfg = Debug|Any CPU
		{2EED13E4-124F-4A51-94AB-32DD6F4EDB3A}.Debug|Any CPU.Build.0 = Debug|Any CPU
		{2EED13E4-124F-4A51-94AB-32DD6F4EDB3A}.Debug|x64.ActiveCfg = Debug|Any CPU
		{2EED13E4-124F-4A51-94AB-32DD6F4EDB3A}.Debug|x64.Build.0 = Debug|Any CPU
		{2EED13E4-124F-4A51-94AB-32DD6F4EDB3A}.Debug|x86.ActiveCfg = Debug|Any CPU
		{2EED13E4-124F-4A51-94AB-32DD6F4EDB3A}.Debug|x86.Build.0 = Debug|Any CPU
		{2EED13E4-124F-4A51-94AB-32DD6F4EDB3A}.Release|Any CPU.ActiveCfg = Release|Any CPU
		{2EED13E4-124F-4A51-94AB-32DD6F4EDB3A}.Release|Any CPU.Build.0 = Release|Any CPU
		{2EED13E4-124F-4A51-94AB-32DD6F4EDB3A}.Release|x64.ActiveCfg = Release|Any CPU
		{2EED13E4-124F-4A51-94AB-32DD6F4EDB3A}.Release|x64.Build.0 = Release|Any CPU
		{2EED13E4-124F-4A51-94AB-32DD6F4EDB3A}.Release|x86.ActiveCfg = Release|Any CPU
		{2EED13E4-124F-4A51-94AB-32DD6F4EDB3A}.Release|x86.Build.0 = Release|Any CPU
		{D80FDD03-EF28-4E95-9EC7-DAF3D2DCA203}.Debug|Any CPU.ActiveCfg = Debug|Any CPU
		{D80FDD03-EF28-4E95-9EC7-DAF3D2DCA203}.Debug|Any CPU.Build.0 = Debug|Any CPU
		{D80FDD03-EF28-4E95-9EC7-DAF3D2DCA203}.Debug|x64.ActiveCfg = Debug|Any CPU
		{D80FDD03-EF28-4E95-9EC7-DAF3D2DCA203}.Debug|x64.Build.0 = Debug|Any CPU
		{D80FDD03-EF28-4E95-9EC7-DAF3D2DCA203}.Debug|x86.ActiveCfg = Debug|Any CPU
		{D80FDD03-EF28-4E95-9EC7-DAF3D2DCA203}.Debug|x86.Build.0 = Debug|Any CPU
		{D80FDD03-EF28-4E95-9EC7-DAF3D2DCA203}.Release|Any CPU.ActiveCfg = Release|Any CPU
		{D80FDD03-EF28-4E95-9EC7-DAF3D2DCA203}.Release|Any CPU.Build.0 = Release|Any CPU
		{D80FDD03-EF28-4E95-9EC7-DAF3D2DCA203}.Release|x64.ActiveCfg = Release|Any CPU
		{D80FDD03-EF28-4E95-9EC7-DAF3D2DCA203}.Release|x64.Build.0 = Release|Any CPU
		{D80FDD03-EF28-4E95-9EC7-DAF3D2DCA203}.Release|x86.ActiveCfg = Release|Any CPU
		{D80FDD03-EF28-4E95-9EC7-DAF3D2DCA203}.Release|x86.Build.0 = Release|Any CPU
	EndGlobalSection
	GlobalSection(SolutionProperties) = preSolution
		HideSolutionNode = FALSE
	EndGlobalSection
	GlobalSection(NestedProjects) = preSolution
		{5D30E174-2538-47AC-8443-318C8C5DC2C9} = {C397A34C-84F1-49E7-AEBC-2F9F2B196216}
		{1CA2E092-2320-451D-A4F0-9ED7C7C528CA} = {ACBEE43C-7A88-4FB1-9B06-DB064D22B29F}
		{3F083001-1E98-48CD-8C3A-80C9C6AC5B3E} = {C397A34C-84F1-49E7-AEBC-2F9F2B196216}
		{5DA32084-A624-4F54-A87E-C2122F324C56} = {ACBEE43C-7A88-4FB1-9B06-DB064D22B29F}
		{045EB34E-AD80-4838-997A-A4476E6F3418} = {C397A34C-84F1-49E7-AEBC-2F9F2B196216}
		{E8F1877D-398D-4AF4-97E5-79E2476DE7F7} = {ACBEE43C-7A88-4FB1-9B06-DB064D22B29F}
		{B2299F62-3F25-4D7F-A445-285EF10C2E93} = {C397A34C-84F1-49E7-AEBC-2F9F2B196216}
		{2EED13E4-124F-4A51-94AB-32DD6F4EDB3A} = {ACBEE43C-7A88-4FB1-9B06-DB064D22B29F}
		{D80FDD03-EF28-4E95-9EC7-DAF3D2DCA203} = {C397A34C-84F1-49E7-AEBC-2F9F2B196216}
	EndGlobalSection
	GlobalSection(ExtensibilityGlobals) = postSolution
		SolutionGuid = {9843759A-65FC-4959-B88B-C88ED961746F}
	EndGlobalSection
EndGlobal
